
Microsoft Visual Studio Solution File, Format Version 12.00
# Visual Studio Version 16
VisualStudioVersion = 16.0.28803.156
MinimumVisualStudioVersion = 10.0.40219.1
Project("{9A19103F-16F7-4668-BE54-9A1E7A4F7556}") = "MayBot", "MayBot\MayBot.csproj", "{1880D1C0-F21B-4786-B303-4613E09ADED8}"
EndProject
Global
	GlobalSection(SolutionConfigurationPlatforms) = preSolution
		Debug|Any CPU = Debug|Any CPU
		EmulatorDebug|Any CPU = EmulatorDebug|Any CPU
		Release|Any CPU = Release|Any CPU
	EndGlobalSection
	GlobalSection(ProjectConfigurationPlatforms) = postSolution
		{1880D1C0-F21B-4786-B303-4613E09ADED8}.Debug|Any CPU.ActiveCfg = Debug|Any CPU
		{1880D1C0-F21B-4786-B303-4613E09ADED8}.Debug|Any CPU.Build.0 = Debug|Any CPU
		{1880D1C0-F21B-4786-B303-4613E09ADED8}.EmulatorDebug|Any CPU.ActiveCfg = EmulatorDebug|Any CPU
		{1880D1C0-F21B-4786-B303-4613E09ADED8}.EmulatorDebug|Any CPU.Build.0 = EmulatorDebug|Any CPU
		{1880D1C0-F21B-4786-B303-4613E09ADED8}.Release|Any CPU.ActiveCfg = Release|Any CPU
		{1880D1C0-F21B-4786-B303-4613E09ADED8}.Release|Any CPU.Build.0 = Release|Any CPU
	EndGlobalSection
	GlobalSection(SolutionProperties) = preSolution
		HideSolutionNode = FALSE
	EndGlobalSection
	GlobalSection(ExtensibilityGlobals) = postSolution
		SolutionGuid = {0E73E6BD-5068-464D-A33E-B847495CFD56}
	EndGlobalSection
EndGlobal
